
Microsoft Visual Studio Solution File, Format Version 12.00
# Visual Studio Version 17
VisualStudioVersion = 17.7.34024.191
MinimumVisualStudioVersion = 10.0.40219.1
Project("{FAE04EC0-301F-11D3-BF4B-00C04F79EFBC}") = "PracticeBranches", "PracticeBranches\PracticeBranches.csproj", "{86489E3D-9689-44E1-8208-B5F6F8801C55}"
EndProject
Global
	GlobalSection(SolutionConfigurationPlatforms) = preSolution
		Debug|Any CPU = Debug|Any CPU
		Release|Any CPU = Release|Any CPU
	EndGlobalSection
	GlobalSection(ProjectConfigurationPlatforms) = postSolution
		{86489E3D-9689-44E1-8208-B5F6F8801C55}.Debug|Any CPU.ActiveCfg = Debug|Any CPU
		{86489E3D-9689-44E1-8208-B5F6F8801C55}.Debug|Any CPU.Build.0 = Debug|Any CPU
		{86489E3D-9689-44E1-8208-B5F6F8801C55}.Release|Any CPU.ActiveCfg = Release|Any CPU
		{86489E3D-9689-44E1-8208-B5F6F8801C55}.Release|Any CPU.Build.0 = Release|Any CPU
	EndGlobalSection
	GlobalSection(SolutionProperties) = preSolution
		HideSolutionNode = FALSE
	EndGlobalSection
	GlobalSection(ExtensibilityGlobals) = postSolution
		SolutionGuid = {A305C4A2-EE6C-4B51-86DD-86CD5FF93D6B}
	EndGlobalSection
EndGlobal
